
Microsoft Visual Studio Solution File, Format Version 12.00
# Visual Studio 2012
Project("{FAE04EC0-301F-11D3-BF4B-00C04F79EFBC}") = "SimpleIOFramework", "SimpleIOFramework\SimpleIOFramework.csproj", "{7FFB10E6-F755-4390-8860-6B8DFDAB6B0E}"
EndProject
Global
	GlobalSection(SolutionConfigurationPlatforms) = preSolution
		Debug|Any CPU = Debug|Any CPU
		Release|Any CPU = Release|Any CPU
	EndGlobalSection
	GlobalSection(ProjectConfigurationPlatforms) = postSolution
		{7FFB10E6-F755-4390-8860-6B8DFDAB6B0E}.Debug|Any CPU.ActiveCfg = Debug|Any CPU
		{7FFB10E6-F755-4390-8860-6B8DFDAB6B0E}.Debug|Any CPU.Build.0 = Debug|Any CPU
		{7FFB10E6-F755-4390-8860-6B8DFDAB6B0E}.Release|Any CPU.ActiveCfg = Release|Any CPU
		{7FFB10E6-F755-4390-8860-6B8DFDAB6B0E}.Release|Any CPU.Build.0 = Release|Any CPU
	EndGlobalSection
EndGlobal
